
Microsoft Visual Studio Solution File, Format Version 12.00
# Visual Studio Version 17
VisualStudioVersion = 17.8.34309.116
MinimumVisualStudioVersion = 10.0.40219.1
Project("{FAE04EC0-301F-11D3-BF4B-00C04F79EFBC}") = "Products&ReviewsWebAPI", "Products&ReviewsWebAPI\Products&ReviewsWebAPI.csproj", "{3952F8A1-E960-4F7A-8F6A-BCF4A175A967}"
EndProject
Global
	GlobalSection(SolutionConfigurationPlatforms) = preSolution
		Debug|Any CPU = Debug|Any CPU
		Release|Any CPU = Release|Any CPU
	EndGlobalSection
	GlobalSection(ProjectConfigurationPlatforms) = postSolution
		{3952F8A1-E960-4F7A-8F6A-BCF4A175A967}.Debug|Any CPU.ActiveCfg = Debug|Any CPU
		{3952F8A1-E960-4F7A-8F6A-BCF4A175A967}.Debug|Any CPU.Build.0 = Debug|Any CPU
		{3952F8A1-E960-4F7A-8F6A-BCF4A175A967}.Release|Any CPU.ActiveCfg = Release|Any CPU
		{3952F8A1-E960-4F7A-8F6A-BCF4A175A967}.Release|Any CPU.Build.0 = Release|Any CPU
	EndGlobalSection
	GlobalSection(SolutionProperties) = preSolution
		HideSolutionNode = FALSE
	EndGlobalSection
	GlobalSection(ExtensibilityGlobals) = postSolution
		SolutionGuid = {914C93F8-FC0D-4C80-99CB-5F773C75BC60}
	EndGlobalSection
EndGlobal
